// !$*UTF8*$!
{
	archiveVersion = 1;
	classes = {
	};
	objectVersion = 46;
	objects = {

/* Begin PBXBuildFile section */
		AD3F7D571DDC351C00AFC316 /* main.m in Sources */ = {isa = PBXBuildFile; fileRef = AD3F7D561DDC351C00AFC316 /* main.m */; };
		AD3F7D5A1DDC351C00AFC316 /* AppDelegate.m in Sources */ = {isa = PBXBuildFile; fileRef = AD3F7D591DDC351C00AFC316 /* AppDelegate.m */; };
		AD3F7D601DDC351C00AFC316 /* Main.storyboard in Resources */ = {isa = PBXBuildFile; fileRef = AD3F7D5E1DDC351C00AFC316 /* Main.storyboard */; };
		AD3F7D621DDC351C00AFC316 /* Assets.xcassets in Resources */ = {isa = PBXBuildFile; fileRef = AD3F7D611DDC351C00AFC316 /* Assets.xcassets */; };
		AD3F7D651DDC351C00AFC316 /* LaunchScreen.storyboard in Resources */ = {isa = PBXBuildFile; fileRef = AD3F7D631DDC351C00AFC316 /* LaunchScreen.storyboard */; };
		AD3F7D6E1DDC3B3D00AFC316 /* ListViewController.m in Sources */ = {isa = PBXBuildFile; fileRef = AD3F7D6D1DDC3B3D00AFC316 /* ListViewController.m */; };
		AD3F7D781DDC5F9500AFC316 /* SimpleTunnelServices.h in Headers */ = {isa = PBXBuildFile; fileRef = AD3F7D761DDC5F9500AFC316 /* SimpleTunnelServices.h */; settings = {ATTRIBUTES = (Public, ); }; };
		AD3F7D7B1DDC5F9500AFC316 /* SimpleTunnelServices.framework in Frameworks */ = {isa = PBXBuildFile; fileRef = AD3F7D741DDC5F9500AFC316 /* SimpleTunnelServices.framework */; };
		AD3F7D7C1DDC5F9500AFC316 /* SimpleTunnelServices.framework in Embed Frameworks */ = {isa = PBXBuildFile; fileRef = AD3F7D741DDC5F9500AFC316 /* SimpleTunnelServices.framework */; settings = {ATTRIBUTES = (CodeSignOnCopy, RemoveHeadersOnCopy, ); }; };
		AD3F7D831DDC615000AFC316 /* Util.h in Headers */ = {isa = PBXBuildFile; fileRef = AD3F7D811DDC615000AFC316 /* Util.h */; };
		AD3F7D841DDC615000AFC316 /* Util.m in Sources */ = {isa = PBXBuildFile; fileRef = AD3F7D821DDC615000AFC316 /* Util.m */; };
/* End PBXBuildFile section */

/* Begin PBXContainerItemProxy section */
		AD3F7D791DDC5F9500AFC316 /* PBXContainerItemProxy */ = {
			isa = PBXContainerItemProxy;
			containerPortal = AD3F7D4A1DDC351C00AFC316 /* Project object */;
			proxyType = 1;
			remoteGlobalIDString = AD3F7D731DDC5F9500AFC316;
			remoteInfo = SimpleTunnelServices;
		};
/* End PBXContainerItemProxy section */

/* Begin PBXCopyFilesBuildPhase section */
		AD3F7D801DDC5F9500AFC316 /* Embed Frameworks */ = {
			isa = PBXCopyFilesBuildPhase;
			buildActionMask = 2147483647;
			dstPath = "";
			dstSubfolderSpec = 10;
			files = (
				AD3F7D7C1DDC5F9500AFC316 /* SimpleTunnelServices.framework in Embed Frameworks */,
			);
			name = "Embed Frameworks";
			runOnlyForDeploymentPostprocessing = 0;
		};
/* End PBXCopyFilesBuildPhase section */

/* Begin PBXFileReference section */
		AD3F7D521DDC351C00AFC316 /* SimpleTunnel.app */ = {isa = PBXFileReference; explicitFileType = wrapper.application; includeInIndex = 0; path = SimpleTunnel.app; sourceTree = BUILT_PRODUCTS_DIR; };
		AD3F7D561DDC351C00AFC316 /* main.m */ = {isa = PBXFileReference; lastKnownFileType = sourcecode.c.objc; path = main.m; sourceTree = "<group>"; };
		AD3F7D581DDC351C00AFC316 /* AppDelegate.h */ = {isa = PBXFileReference; lastKnownFileType = sourcecode.c.h; path = AppDelegate.h; sourceTree = "<group>"; };
		AD3F7D591DDC351C00AFC316 /* AppDelegate.m */ = {isa = PBXFileReference; lastKnownFileType = sourcecode.c.objc; path = AppDelegate.m; sourceTree = "<group>"; };
		AD3F7D5F1DDC351C00AFC316 /* Base */ = {isa = PBXFileReference; lastKnownFileType = file.storyboard; name = Base; path = Base.lproj/Main.storyboard; sourceTree = "<group>"; };
		AD3F7D611DDC351C00AFC316 /* Assets.xcassets */ = {isa = PBXFileReference; lastKnownFileType = folder.assetcatalog; path = Assets.xcassets; sourceTree = "<group>"; };
		AD3F7D641DDC351C00AFC316 /* Base */ = {isa = PBXFileReference; lastKnownFileType = file.storyboard; name = Base; path = Base.lproj/LaunchScreen.storyboard; sourceTree = "<group>"; };
		AD3F7D661DDC351C00AFC316 /* Info.plist */ = {isa = PBXFileReference; lastKnownFileType = text.plist.xml; path = Info.plist; sourceTree = "<group>"; };
		AD3F7D6C1DDC3B3D00AFC316 /* ListViewController.h */ = {isa = PBXFileReference; fileEncoding = 4; lastKnownFileType = sourcecode.c.h; path = ListViewController.h; sourceTree = "<group>"; };
		AD3F7D6D1DDC3B3D00AFC316 /* ListViewController.m */ = {isa = PBXFileReference; fileEncoding = 4; lastKnownFileType = sourcecode.c.objc; path = ListViewController.m; sourceTree = "<group>"; };
		AD3F7D741DDC5F9500AFC316 /* SimpleTunnelServices.framework */ = {isa = PBXFileReference; explicitFileType = wrapper.framework; includeInIndex = 0; path = SimpleTunnelServices.framework; sourceTree = BUILT_PRODUCTS_DIR; };
		AD3F7D761DDC5F9500AFC316 /* SimpleTunnelServices.h */ = {isa = PBXFileReference; lastKnownFileType = sourcecode.c.h; path = SimpleTunnelServices.h; sourceTree = "<group>"; };
		AD3F7D771DDC5F9500AFC316 /* Info.plist */ = {isa = PBXFileReference; lastKnownFileType = text.plist.xml; path = Info.plist; sourceTree = "<group>"; };
		AD3F7D811DDC615000AFC316 /* Util.h */ = {isa = PBXFileReference; fileEncoding = 4; lastKnownFileType = sourcecode.c.h; path = Util.h; sourceTree = "<group>"; };
		AD3F7D821DDC615000AFC316 /* Util.m */ = {isa = PBXFileReference; fileEncoding = 4; lastKnownFileType = sourcecode.c.objc; path = Util.m; sourceTree = "<group>"; };
/* End PBXFileReference section */

/* Begin PBXFrameworksBuildPhase section */
		AD3F7D4F1DDC351C00AFC316 /* Frameworks */ = {
			isa = PBXFrameworksBuildPhase;
			buildActionMask = 2147483647;
			files = (
				AD3F7D7B1DDC5F9500AFC316 /* SimpleTunnelServices.framework in Frameworks */,
			);
			runOnlyForDeploymentPostprocessing = 0;
		};
		AD3F7D701DDC5F9500AFC316 /* Frameworks */ = {
			isa = PBXFrameworksBuildPhase;
			buildActionMask = 2147483647;
			files = (
			);
			runOnlyForDeploymentPostprocessing = 0;
		};
/* End PBXFrameworksBuildPhase section */

/* Begin PBXGroup section */
		AD3F7D491DDC351C00AFC316 = {
			isa = PBXGroup;
			children = (
				AD3F7D541DDC351C00AFC316 /* SimpleTunnel */,
				AD3F7D751DDC5F9500AFC316 /* SimpleTunnelServices */,
				AD3F7D531DDC351C00AFC316 /* Products */,
			);
			sourceTree = "<group>";
		};
		AD3F7D531DDC351C00AFC316 /* Products */ = {
			isa = PBXGroup;
			children = (
				AD3F7D521DDC351C00AFC316 /* SimpleTunnel.app */,
				AD3F7D741DDC5F9500AFC316 /* SimpleTunnelServices.framework */,
			);
			name = Products;
			sourceTree = "<group>";
		};
		AD3F7D541DDC351C00AFC316 /* SimpleTunnel */ = {
			isa = PBXGroup;
			children = (
				AD3F7D581DDC351C00AFC316 /* AppDelegate.h */,
				AD3F7D591DDC351C00AFC316 /* AppDelegate.m */,
				AD3F7D6C1DDC3B3D00AFC316 /* ListViewController.h */,
				AD3F7D6D1DDC3B3D00AFC316 /* ListViewController.m */,
				AD3F7D5E1DDC351C00AFC316 /* Main.storyboard */,
				AD3F7D611DDC351C00AFC316 /* Assets.xcassets */,
				AD3F7D631DDC351C00AFC316 /* LaunchScreen.storyboard */,
				AD3F7D551DDC351C00AFC316 /* Supporting Files */,
			);
			path = SimpleTunnel;
			sourceTree = "<group>";
		};
		AD3F7D551DDC351C00AFC316 /* Supporting Files */ = {
			isa = PBXGroup;
			children = (
				AD3F7D661DDC351C00AFC316 /* Info.plist */,
				AD3F7D561DDC351C00AFC316 /* main.m */,
			);
			name = "Supporting Files";
			sourceTree = "<group>";
		};
		AD3F7D751DDC5F9500AFC316 /* SimpleTunnelServices */ = {
			isa = PBXGroup;
			children = (
				AD3F7D761DDC5F9500AFC316 /* SimpleTunnelServices.h */,
				AD3F7D811DDC615000AFC316 /* Util.h */,
				AD3F7D821DDC615000AFC316 /* Util.m */,
				AD3F7D771DDC5F9500AFC316 /* Info.plist */,
			);
			path = SimpleTunnelServices;
			sourceTree = "<group>";
		};
/* End PBXGroup section */

/* Begin PBXHeadersBuildPhase section */
		AD3F7D711DDC5F9500AFC316 /* Headers */ = {
			isa = PBXHeadersBuildPhase;
			buildActionMask = 2147483647;
			files = (
				AD3F7D831DDC615000AFC316 /* Util.h in Headers */,
				AD3F7D781DDC5F9500AFC316 /* SimpleTunnelServices.h in Headers */,
			);
			runOnlyForDeploymentPostprocessing = 0;
		};
/* End PBXHeadersBuildPhase section */

/* Begin PBXNativeTarget section */
		AD3F7D511DDC351C00AFC316 /* SimpleTunnel */ = {
			isa = PBXNativeTarget;
			buildConfigurationList = AD3F7D691DDC351C00AFC316 /* Build configuration list for PBXNativeTarget "SimpleTunnel" */;
			buildPhases = (
				AD3F7D4E1DDC351C00AFC316 /* Sources */,
				AD3F7D4F1DDC351C00AFC316 /* Frameworks */,
				AD3F7D501DDC351C00AFC316 /* Resources */,
				AD3F7D801DDC5F9500AFC316 /* Embed Frameworks */,
			);
			buildRules = (
			);
			dependencies = (
				AD3F7D7A1DDC5F9500AFC316 /* PBXTargetDependency */,
			);
			name = SimpleTunnel;
			productName = SimpleTunnel;
			productReference = AD3F7D521DDC351C00AFC316 /* SimpleTunnel.app */;
			productType = "com.apple.product-type.application";
		};
		AD3F7D731DDC5F9500AFC316 /* SimpleTunnelServices */ = {
			isa = PBXNativeTarget;
			buildConfigurationList = AD3F7D7F1DDC5F9500AFC316 /* Build configuration list for PBXNativeTarget "SimpleTunnelServices" */;
			buildPhases = (
				AD3F7D6F1DDC5F9500AFC316 /* Sources */,
				AD3F7D701DDC5F9500AFC316 /* Frameworks */,
				AD3F7D711DDC5F9500AFC316 /* Headers */,
				AD3F7D721DDC5F9500AFC316 /* Resources */,
			);
			buildRules = (
			);
			dependencies = (
			);
			name = SimpleTunnelServices;
			productName = SimpleTunnelServices;
			productReference = AD3F7D741DDC5F9500AFC316 /* SimpleTunnelServices.framework */;
			productType = "com.apple.product-type.framework";
		};
/* End PBXNativeTarget section */

/* Begin PBXProject section */
		AD3F7D4A1DDC351C00AFC316 /* Project object */ = {
			isa = PBXProject;
			attributes = {
				LastUpgradeCheck = 0810;
				ORGANIZATIONNAME = Layne;
				TargetAttributes = {
					AD3F7D511DDC351C00AFC316 = {
						CreatedOnToolsVersion = 8.1;
						DevelopmentTeam = 9R8ZE978DU;
						ProvisioningStyle = Automatic;
					};
					AD3F7D731DDC5F9500AFC316 = {
						CreatedOnToolsVersion = 8.1;
						DevelopmentTeam = 9R8ZE978DU;
						ProvisioningStyle = Automatic;
					};
				};
			};
			buildConfigurationList = AD3F7D4D1DDC351C00AFC316 /* Build configuration list for PBXProject "SimpleTunnel" */;
			compatibilityVersion = "Xcode 3.2";
			developmentRegion = English;
			hasScannedForEncodings = 0;
			knownRegions = (
				en,
				Base,
			);
			mainGroup = AD3F7D491DDC351C00AFC316;
			productRefGroup = AD3F7D531DDC351C00AFC316 /* Products */;
			projectDirPath = "";
			projectRoot = "";
			targets = (
				AD3F7D511DDC351C00AFC316 /* SimpleTunnel */,
				AD3F7D731DDC5F9500AFC316 /* SimpleTunnelServices */,
			);
		};
/* End PBXProject section */

/* Begin PBXResourcesBuildPhase section */
		AD3F7D501DDC351C00AFC316 /* Resources */ = {
			isa = PBXResourcesBuildPhase;
			buildActionMask = 2147483647;
			files = (
				AD3F7D651DDC351C00AFC316 /* LaunchScreen.storyboard in Resources */,
				AD3F7D621DDC351C00AFC316 /* Assets.xcassets in Resources */,
				AD3F7D601DDC351C00AFC316 /* Main.storyboard in Resources */,
			);
			runOnlyForDeploymentPostprocessing = 0;
		};
		AD3F7D721DDC5F9500AFC316 /* Resources */ = {
			isa = PBXResourcesBuildPhase;
			buildActionMask = 2147483647;
			files = (
			);
			runOnlyForDeploymentPostprocessing = 0;
		};
/* End PBXResourcesBuildPhase section */

/* Begin PBXSourcesBuildPhase section */
		AD3F7D4E1DDC351C00AFC316 /* Sources */ = {
			isa = PBXSourcesBuildPhase;
			buildActionMask = 2147483647;
			files = (
				AD3F7D5A1DDC351C00AFC316 /* AppDelegate.m in Sources */,
				AD3F7D571DDC351C00AFC316 /* main.m in Sources */,
				AD3F7D6E1DDC3B3D00AFC316 /* ListViewController.m in Sources */,
			);
			runOnlyForDeploymentPostprocessing = 0;
		};
		AD3F7D6F1DDC5F9500AFC316 /* Sources */ = {
			isa = PBXSourcesBuildPhase;
			buildActionMask = 2147483647;
			files = (
				AD3F7D841DDC615000AFC316 /* Util.m in Sources */,
			);
			runOnlyForDeploymentPostprocessing = 0;
		};
/* End PBXSourcesBuildPhase section */

/* Begin PBXTargetDependency section */
		AD3F7D7A1DDC5F9500AFC316 /* PBXTargetDependency */ = {
			isa = PBXTargetDependency;
			target = AD3F7D731DDC5F9500AFC316 /* SimpleTunnelServices */;
			targetProxy = AD3F7D791DDC5F9500AFC316 /* PBXContainerItemProxy */;
		};
/* End PBXTargetDependency section */

/* Begin PBXVariantGroup section */
		AD3F7D5E1DDC351C00AFC316 /* Main.storyboard */ = {
			isa = PBXVariantGroup;
			children = (
				AD3F7D5F1DDC351C00AFC316 /* Base */,
			);
			name = Main.storyboard;
			sourceTree = "<group>";
		};
		AD3F7D631DDC351C00AFC316 /* LaunchScreen.storyboard */ = {
			isa = PBXVariantGroup;
			children = (
				AD3F7D641DDC351C00AFC316 /* Base */,
			);
			name = LaunchScreen.storyboard;
			sourceTree = "<group>";
		};
/* End PBXVariantGroup section */

/* Begin XCBuildConfiguration section */
		AD3F7D671DDC351C00AFC316 /* Debug */ = {
			isa = XCBuildConfiguration;
			buildSettings = {
				ALWAYS_SEARCH_USER_PATHS = NO;
				CLANG_ANALYZER_NONNULL = YES;
				CLANG_CXX_LANGUAGE_STANDARD = "gnu++0x";
				CLANG_CXX_LIBRARY = "libc++";
				CLANG_ENABLE_MODULES = YES;
				CLANG_ENABLE_OBJC_ARC = YES;
				CLANG_WARN_BOOL_CONVERSION = YES;
				CLANG_WARN_CONSTANT_CONVERSION = YES;
				CLANG_WARN_DIRECT_OBJC_ISA_USAGE = YES_ERROR;
				CLANG_WARN_DOCUMENTATION_COMMENTS = YES;
				CLANG_WARN_EMPTY_BODY = YES;
				CLANG_WARN_ENUM_CONVERSION = YES;
				CLANG_WARN_INFINITE_RECURSION = YES;
				CLANG_WARN_INT_CONVERSION = YES;
				CLANG_WARN_OBJC_ROOT_CLASS = YES_ERROR;
				CLANG_WARN_SUSPICIOUS_MOVES = YES;
				CLANG_WARN_UNREACHABLE_CODE = YES;
				CLANG_WARN__DUPLICATE_METHOD_MATCH = YES;
				"CODE_SIGN_IDENTITY[sdk=iphoneos*]" = "iPhone Developer";
				COPY_PHASE_STRIP = NO;
				DEBUG_INFORMATION_FORMAT = dwarf;
				ENABLE_STRICT_OBJC_MSGSEND = YES;
				ENABLE_TESTABILITY = YES;
				GCC_C_LANGUAGE_STANDARD = gnu99;
				GCC_DYNAMIC_NO_PIC = NO;
				GCC_NO_COMMON_BLOCKS = YES;
				GCC_OPTIMIZATION_LEVEL = 0;
				GCC_PREPROCESSOR_DEFINITIONS = (
					"DEBUG=1",
					"$(inherited)",
				);
				GCC_WARN_64_TO_32_BIT_CONVERSION = YES;
				GCC_WARN_ABOUT_RETURN_TYPE = YES_ERROR;
				GCC_WARN_UNDECLARED_SELECTOR = YES;
				GCC_WARN_UNINITIALIZED_AUTOS = YES_AGGRESSIVE;
				GCC_WARN_UNUSED_FUNCTION = YES;
				GCC_WARN_UNUSED_VARIABLE = YES;
				IPHONEOS_DEPLOYMENT_TARGET = 10.1;
				MTL_ENABLE_DEBUG_INFO = YES;
				ONLY_ACTIVE_ARCH = YES;
				SDKROOT = iphoneos;
				TARGETED_DEVICE_FAMILY = "1,2";
			};
			name = Debug;
		};
		AD3F7D681DDC351C00AFC316 /* Release */ = {
			isa = XCBuildConfiguration;
			buildSettings = {
				ALWAYS_SEARCH_USER_PATHS = NO;
				CLANG_ANALYZER_NONNULL = YES;
				CLANG_CXX_LANGUAGE_STANDARD = "gnu++0x";
				CLANG_CXX_LIBRARY = "libc++";
				CLANG_ENABLE_MODULES = YES;
				CLANG_ENABLE_OBJC_ARC = YES;
				CLANG_WARN_BOOL_CONVERSION = YES;
				CLANG_WARN_CONSTANT_CONVERSION = YES;
				CLANG_WARN_DIRECT_OBJC_ISA_USAGE = YES_ERROR;
				CLANG_WARN_DOCUMENTATION_COMMENTS = YES;
				CLANG_WARN_EMPTY_BODY = YES;
				CLANG_WARN_ENUM_CONVERSION = YES;
				CLANG_WARN_INFINITE_RECURSION = YES;
				CLANG_WARN_INT_CONVERSION = YES;
				CLANG_WARN_OBJC_ROOT_CLASS = YES_ERROR;
				CLANG_WARN_SUSPICIOUS_MOVES = YES;
				CLANG_WARN_UNREACHABLE_CODE = YES;
				CLANG_WARN__DUPLICATE_METHOD_MATCH = YES;
				"CODE_SIGN_IDENTITY[sdk=iphoneos*]" = "iPhone Developer";
				COPY_PHASE_STRIP = NO;
				DEBUG_INFORMATION_FORMAT = "dwarf-with-dsym";
				ENABLE_NS_ASSERTIONS = NO;
				ENABLE_STRICT_OBJC_MSGSEND = YES;
				GCC_C_LANGUAGE_STANDARD = gnu99;
				GCC_NO_COMMON_BLOCKS = YES;
				GCC_WARN_64_TO_32_BIT_CONVERSION = YES;
				GCC_WARN_ABOUT_RETURN_TYPE = YES_ERROR;
				GCC_WARN_UNDECLARED_SELECTOR = YES;
				GCC_WARN_UNINITIALIZED_AUTOS = YES_AGGRESSIVE;
				GCC_WARN_UNUSED_FUNCTION = YES;
				GCC_WARN_UNUSED_VARIABLE = YES;
				IPHONEOS_DEPLOYMENT_TARGET = 10.1;
				MTL_ENABLE_DEBUG_INFO = NO;
				SDKROOT = iphoneos;
				TARGETED_DEVICE_FAMILY = "1,2";
				VALIDATE_PRODUCT = YES;
			};
			name = Release;
		};
		AD3F7D6A1DDC351C00AFC316 /* Debug */ = {
			isa = XCBuildConfiguration;
			buildSettings = {
				ASSETCATALOG_COMPILER_APPICON_NAME = AppIcon;
				DEVELOPMENT_TEAM = 9R8ZE978DU;
				INFOPLIST_FILE = SimpleTunnel/Info.plist;
				LD_RUNPATH_SEARCH_PATHS = "$(inherited) @executable_path/Frameworks";
				PRODUCT_BUNDLE_IDENTIFIER = io.github.lengmolehongyan.SimpleTunnel;
				PRODUCT_NAME = "$(TARGET_NAME)";
			};
			name = Debug;
		};
		AD3F7D6B1DDC351C00AFC316 /* Release */ = {
			isa = XCBuildConfiguration;
			buildSettings = {
				ASSETCATALOG_COMPILER_APPICON_NAME = AppIcon;
				DEVELOPMENT_TEAM = 9R8ZE978DU;
				INFOPLIST_FILE = SimpleTunnel/Info.plist;
				LD_RUNPATH_SEARCH_PATHS = "$(inherited) @executable_path/Frameworks";
				PRODUCT_BUNDLE_IDENTIFIER = io.github.lengmolehongyan.SimpleTunnel;
				PRODUCT_NAME = "$(TARGET_NAME)";
			};
			name = Release;
		};
		AD3F7D7D1DDC5F9500AFC316 /* Debug */ = {
			isa = XCBuildConfiguration;
			buildSettings = {
				CODE_SIGN_IDENTITY = "";
				CURRENT_PROJECT_VERSION = 1;
				DEFINES_MODULE = YES;
				DEVELOPMENT_TEAM = 9R8ZE978DU;
				DYLIB_COMPATIBILITY_VERSION = 1;
				DYLIB_CURRENT_VERSION = 1;
				DYLIB_INSTALL_NAME_BASE = "@rpath";
				INFOPLIST_FILE = SimpleTunnelServices/Info.plist;
				INSTALL_PATH = "$(LOCAL_LIBRARY_DIR)/Frameworks";
				LD_RUNPATH_SEARCH_PATHS = "$(inherited) @executable_path/Frameworks @loader_path/Frameworks";
				PRODUCT_BUNDLE_IDENTIFIER = io.github.lengmolehongyan.SimpleTunnelServices;
				PRODUCT_NAME = "$(TARGET_NAME)";
				SKIP_INSTALL = YES;
				VERSIONING_SYSTEM = "apple-generic";
				VERSION_INFO_PREFIX = "";
			};
			name = Debug;
		};
		AD3F7D7E1DDC5F9500AFC316 /* Release */ = {
			isa = XCBuildConfiguration;
			buildSettings = {
				CODE_SIGN_IDENTITY = "";
				CURRENT_PROJECT_VERSION = 1;
				DEFINES_MODULE = YES;
				DEVELOPMENT_TEAM = 9R8ZE978DU;
				DYLIB_COMPATIBILITY_VERSION = 1;
				DYLIB_CURRENT_VERSION = 1;
				DYLIB_INSTALL_NAME_BASE = "@rpath";
				INFOPLIST_FILE = SimpleTunnelServices/Info.plist;
				INSTALL_PATH = "$(LOCAL_LIBRARY_DIR)/Frameworks";
				LD_RUNPATH_SEARCH_PATHS = "$(inherited) @executable_path/Frameworks @loader_path/Frameworks";
				PRODUCT_BUNDLE_IDENTIFIER = io.github.lengmolehongyan.SimpleTunnelServices;
				PRODUCT_NAME = "$(TARGET_NAME)";
				SKIP_INSTALL = YES;
				VERSIONING_SYSTEM = "apple-generic";
				VERSION_INFO_PREFIX = "";
			};
			name = Release;
		};
/* End XCBuildConfiguration section */

/* Begin XCConfigurationList section */
		AD3F7D4D1DDC351C00AFC316 /* Build configuration list for PBXProject "SimpleTunnel" */ = {
			isa = XCConfigurationList;
			buildConfigurations = (
				AD3F7D671DDC351C00AFC316 /* Debug */,
				AD3F7D681DDC351C00AFC316 /* Release */,
			);
			defaultConfigurationIsVisible = 0;
			defaultConfigurationName = Release;
		};
		AD3F7D691DDC351C00AFC316 /* Build configuration list for PBXNativeTarget "SimpleTunnel" */ = {
			isa = XCConfigurationList;
			buildConfigurations = (
				AD3F7D6A1DDC351C00AFC316 /* Debug */,
				AD3F7D6B1DDC351C00AFC316 /* Release */,
			);
			defaultConfigurationIsVisible = 0;
			defaultConfigurationName = Release;
		};
		AD3F7D7F1DDC5F9500AFC316 /* Build configuration list for PBXNativeTarget "SimpleTunnelServices" */ = {
			isa = XCConfigurationList;
			buildConfigurations = (
				AD3F7D7D1DDC5F9500AFC316 /* Debug */,
				AD3F7D7E1DDC5F9500AFC316 /* Release */,
			);
			defaultConfigurationIsVisible = 0;
		};
/* End XCConfigurationList section */
	};
	rootObject = AD3F7D4A1DDC351C00AFC316 /* Project object */;
}
